// !$*UTF8*$!
{
	archiveVersion = 1;
	classes = {
	};
	objectVersion = 55;
	objects = {

/* Begin PBXBuildFile section */
		401109DB28790FFF00B3C426 /* ImagePickerView.swift in Sources */ = {isa = PBXBuildFile; fileRef = 401109DA28790FFF00B3C426 /* ImagePickerView.swift */; };
		401109DD28791D9600B3C426 /* IngredientDropDownInputView.swift in Sources */ = {isa = PBXBuildFile; fileRef = 401109DC28791D9600B3C426 /* IngredientDropDownInputView.swift */; };
		4016CAF427C8F27700A97867 /* ManagementView.swift in Sources */ = {isa = PBXBuildFile; fileRef = 4016CAF327C8F27700A97867 /* ManagementView.swift */; };
		401866EA283CEA0D0046BFBC /* UserRepository.swift in Sources */ = {isa = PBXBuildFile; fileRef = 401866E9283CEA0D0046BFBC /* UserRepository.swift */; };
		401866F4283CFDFF0046BFBC /* MenuItemModel.swift in Sources */ = {isa = PBXBuildFile; fileRef = 401866F3283CFDFF0046BFBC /* MenuItemModel.swift */; };
		401866F6283CFE130046BFBC /* MenuViewModel.swift in Sources */ = {isa = PBXBuildFile; fileRef = 401866F5283CFE130046BFBC /* MenuViewModel.swift */; };
		401CDE4E28708C7E00DCA698 /* ImplementBillingView.swift in Sources */ = {isa = PBXBuildFile; fileRef = 401CDE4D28708C7E00DCA698 /* ImplementBillingView.swift */; };
		401CDE522871305E00DCA698 /* ImplementMenuView.swift in Sources */ = {isa = PBXBuildFile; fileRef = 401CDE512871305E00DCA698 /* ImplementMenuView.swift */; };
		401CDE5628713EE200DCA698 /* IngredientModel.swift in Sources */ = {isa = PBXBuildFile; fileRef = 401CDE5528713EE200DCA698 /* IngredientModel.swift */; };
		401CDE5828714B3400DCA698 /* InventoryViewModel.swift in Sources */ = {isa = PBXBuildFile; fileRef = 401CDE5728714B3400DCA698 /* InventoryViewModel.swift */; };
		401CDE5A28714DCD00DCA698 /* ImplementInventoryView.swift in Sources */ = {isa = PBXBuildFile; fileRef = 401CDE5928714DCD00DCA698 /* ImplementInventoryView.swift */; };
		401CDE5C2871B82000DCA698 /* TableModel.swift in Sources */ = {isa = PBXBuildFile; fileRef = 401CDE5B2871B82000DCA698 /* TableModel.swift */; };
		401CDE5E2871B8FF00DCA698 /* TableViewModel.swift in Sources */ = {isa = PBXBuildFile; fileRef = 401CDE5D2871B8FF00DCA698 /* TableViewModel.swift */; };
		401CDE60287336DC00DCA698 /* AnalyticsViewModel.swift in Sources */ = {isa = PBXBuildFile; fileRef = 401CDE5F287336DB00DCA698 /* AnalyticsViewModel.swift */; };
		402985FA27C7ADDA007A70C2 /* AproPOS_UIApp.swift in Sources */ = {isa = PBXBuildFile; fileRef = 402985F927C7ADDA007A70C2 /* AproPOS_UIApp.swift */; };
		402985FE27C7ADDC007A70C2 /* Assets.xcassets in Resources */ = {isa = PBXBuildFile; fileRef = 402985FD27C7ADDC007A70C2 /* Assets.xcassets */; };
		4029860127C7ADDC007A70C2 /* Preview Assets.xcassets in Resources */ = {isa = PBXBuildFile; fileRef = 4029860027C7ADDC007A70C2 /* Preview Assets.xcassets */; };
		4029860A27C7AEDC007A70C2 /* OrderViewOld.swift in Sources */ = {isa = PBXBuildFile; fileRef = 4029860927C7AEDC007A70C2 /* OrderViewOld.swift */; };
		4029860C27C7AEF7007A70C2 /* MainView.swift in Sources */ = {isa = PBXBuildFile; fileRef = 4029860B27C7AEF7007A70C2 /* MainView.swift */; };
		4029860E27C7AF1A007A70C2 /* MenuViewOld.swift in Sources */ = {isa = PBXBuildFile; fileRef = 4029860D27C7AF1A007A70C2 /* MenuViewOld.swift */; };
		4029861027C7AF26007A70C2 /* BillingView.swift in Sources */ = {isa = PBXBuildFile; fileRef = 4029860F27C7AF26007A70C2 /* BillingView.swift */; };
		4029861227C7AF41007A70C2 /* ReservationView.swift in Sources */ = {isa = PBXBuildFile; fileRef = 4029861127C7AF41007A70C2 /* ReservationView.swift */; };
		4029861827C7AF8F007A70C2 /* AnalyticsView.swift in Sources */ = {isa = PBXBuildFile; fileRef = 4029861727C7AF8F007A70C2 /* AnalyticsView.swift */; };
		4029861A27C7AF9D007A70C2 /* InventoryViewOld.swift in Sources */ = {isa = PBXBuildFile; fileRef = 4029861927C7AF9D007A70C2 /* InventoryViewOld.swift */; };
		4038921E27E0923500B9FDFB /* StaffViewOld.swift in Sources */ = {isa = PBXBuildFile; fileRef = 4038921D27E0923500B9FDFB /* StaffViewOld.swift */; };
		403BE4E128745264005A1C54 /* TableRepository.swift in Sources */ = {isa = PBXBuildFile; fileRef = 403BE4E028745264005A1C54 /* TableRepository.swift */; };
		403BE4E3287452E4005A1C54 /* InventoryRepository.swift in Sources */ = {isa = PBXBuildFile; fileRef = 403BE4E2287452E4005A1C54 /* InventoryRepository.swift */; };
		403BE4E528745313005A1C54 /* MenuRepository.swift in Sources */ = {isa = PBXBuildFile; fileRef = 403BE4E428745313005A1C54 /* MenuRepository.swift */; };
		403BE4E72874534C005A1C54 /* OrderRepository.swift in Sources */ = {isa = PBXBuildFile; fileRef = 403BE4E62874534C005A1C54 /* OrderRepository.swift */; };
		403BE4E92874547F005A1C54 /* BillingRepository.swift in Sources */ = {isa = PBXBuildFile; fileRef = 403BE4E82874547F005A1C54 /* BillingRepository.swift */; };
		403BE4EB28745E29005A1C54 /* StaffViewModel.swift in Sources */ = {isa = PBXBuildFile; fileRef = 403BE4EA28745E29005A1C54 /* StaffViewModel.swift */; };
		403BE4ED28748AA4005A1C54 /* ImplementStaffView.swift in Sources */ = {isa = PBXBuildFile; fileRef = 403BE4EC28748AA4005A1C54 /* ImplementStaffView.swift */; };
		403BE4F0287549C9005A1C54 /* IndividualTableView.swift in Sources */ = {isa = PBXBuildFile; fileRef = 403BE4EF287549C9005A1C54 /* IndividualTableView.swift */; };
		403BE4F2287567B4005A1C54 /* TableView.swift in Sources */ = {isa = PBXBuildFile; fileRef = 403BE4F1287567B4005A1C54 /* TableView.swift */; };
		403BE4F42875A3B1005A1C54 /* DropDownInputView.swift in Sources */ = {isa = PBXBuildFile; fileRef = 403BE4F32875A3B1005A1C54 /* DropDownInputView.swift */; };
		404B3052287E75FE00BEDD55 /* MenuDropDownInputView.swift in Sources */ = {isa = PBXBuildFile; fileRef = 404B3051287E75FE00BEDD55 /* MenuDropDownInputView.swift */; };
		4065B3FD27C8A54B00B1D55A /* LaunchScreen.storyboard in Resources */ = {isa = PBXBuildFile; fileRef = 4065B3FC27C8A54B00B1D55A /* LaunchScreen.storyboard */; };
		406BFEBE2836F7E700FEA7B9 /* ForgotPasswordView.swift in Sources */ = {isa = PBXBuildFile; fileRef = 406BFEBD2836F7E700FEA7B9 /* ForgotPasswordView.swift */; };
		407BCC39282D0D2900F8D93E /* ImplementOrderView.swift in Sources */ = {isa = PBXBuildFile; fileRef = 407BCC38282D0D2900F8D93E /* ImplementOrderView.swift */; };
		407BCC3C282D0F9700F8D93E /* OrderModel.swift in Sources */ = {isa = PBXBuildFile; fileRef = 407BCC3B282D0F9700F8D93E /* OrderModel.swift */; };
		407C0F4328389B4D00052389 /* OrderViewModel.swift in Sources */ = {isa = PBXBuildFile; fileRef = 407C0F4228389B4D00052389 /* OrderViewModel.swift */; };
		407C0F452838AFF100052389 /* UserModel.swift in Sources */ = {isa = PBXBuildFile; fileRef = 407C0F442838AFF100052389 /* UserModel.swift */; };
		408ACF1B287DB2A200C35A67 /* NewOrderView.swift in Sources */ = {isa = PBXBuildFile; fileRef = 408ACF1A287DB2A200C35A67 /* NewOrderView.swift */; };
		4091FA2428771DEB00BED215 /* IndividualIngredientView.swift in Sources */ = {isa = PBXBuildFile; fileRef = 4091FA2328771DEA00BED215 /* IndividualIngredientView.swift */; };
		4091FA26287723ED00BED215 /* InventoryView.swift in Sources */ = {isa = PBXBuildFile; fileRef = 4091FA25287723ED00BED215 /* InventoryView.swift */; };
		409B2077282E6FAD0014CB54 /* AuthViewModel.swift in Sources */ = {isa = PBXBuildFile; fileRef = 409B2076282E6FAD0014CB54 /* AuthViewModel.swift */; };
		409B2079282E72950014CB54 /* CreateAccountView.swift in Sources */ = {isa = PBXBuildFile; fileRef = 409B2078282E72950014CB54 /* CreateAccountView.swift */; };
		40A99787287C5F3400CDABE6 /* StaffView.swift in Sources */ = {isa = PBXBuildFile; fileRef = 40A99786287C5F3400CDABE6 /* StaffView.swift */; };
		40A99789287C619000CDABE6 /* IndividualUserView.swift in Sources */ = {isa = PBXBuildFile; fileRef = 40A99788287C619000CDABE6 /* IndividualUserView.swift */; };
		40BD731727D6001700CBDA9A /* DIN.ttf in Resources */ = {isa = PBXBuildFile; fileRef = 40BD731627D6001700CBDA9A /* DIN.ttf */; };
		40BD731A27D6019200CBDA9A /* DIN Bold.ttf in Resources */ = {isa = PBXBuildFile; fileRef = 40BD731927D6019200CBDA9A /* DIN Bold.ttf */; };
		40BD731C27D606A200CBDA9A /* NewOrderViewOld.swift in Sources */ = {isa = PBXBuildFile; fileRef = 40BD731B27D606A200CBDA9A /* NewOrderViewOld.swift */; };
		40C5ED7C287863C000573099 /* IndividualMenuItemView.swift in Sources */ = {isa = PBXBuildFile; fileRef = 40C5ED7B287863C000573099 /* IndividualMenuItemView.swift */; };
		40C5ED7E2878669300573099 /* MenuView.swift in Sources */ = {isa = PBXBuildFile; fileRef = 40C5ED7D2878669300573099 /* MenuView.swift */; };
		40C9631D28803458000EAEDF /* OrderView.swift in Sources */ = {isa = PBXBuildFile; fileRef = 40C9631C28803458000EAEDF /* OrderView.swift */; };
		40C9631F288036CF000EAEDF /* IndividualOrderView.swift in Sources */ = {isa = PBXBuildFile; fileRef = 40C9631E288036CF000EAEDF /* IndividualOrderView.swift */; };
		40D33A43282BD12100D34B95 /* GoogleService-Info.plist in Resources */ = {isa = PBXBuildFile; fileRef = 40D33A42282BD12100D34B95 /* GoogleService-Info.plist */; };
		40DD9E6727D8CF2000610DB2 /* BillingView2.swift in Sources */ = {isa = PBXBuildFile; fileRef = 40DD9E6627D8CF2000610DB2 /* BillingView2.swift */; };
		40E7A08C2863D11100871A48 /* BillingViewModel.swift in Sources */ = {isa = PBXBuildFile; fileRef = 40E7A08B2863D11100871A48 /* BillingViewModel.swift */; };
		40FBCE3F27DFF35B006D4AA1 /* LoginView.swift in Sources */ = {isa = PBXBuildFile; fileRef = 40FBCE3E27DFF35B006D4AA1 /* LoginView.swift */; };
		5E323E5D286291E200C48313 /* BillingModel.swift in Sources */ = {isa = PBXBuildFile; fileRef = 5E323E5C286291E200C48313 /* BillingModel.swift */; };
		5E32B4AD2873BEB700D60B4B /* ImplementTableView.swift in Sources */ = {isa = PBXBuildFile; fileRef = 5E32B4AC2873BEB700D60B4B /* ImplementTableView.swift */; };
		BB5099C538EBC8A84617709E /* Pods_AproPOS_UI.framework in Frameworks */ = {isa = PBXBuildFile; fileRef = 51CF6483D3148CF20729988F /* Pods_AproPOS_UI.framework */; };
/* End PBXBuildFile section */

/* Begin PBXFileReference section */
		0F612E47BE5F733E9FDE30AD /* Pods-AproPOS UI.debug.xcconfig */ = {isa = PBXFileReference; includeInIndex = 1; lastKnownFileType = text.xcconfig; name = "Pods-AproPOS UI.debug.xcconfig"; path = "Target Support Files/Pods-AproPOS UI/Pods-AproPOS UI.debug.xcconfig"; sourceTree = "<group>"; };
		401109DA28790FFF00B3C426 /* ImagePickerView.swift */ = {isa = PBXFileReference; lastKnownFileType = sourcecode.swift; path = ImagePickerView.swift; sourceTree = "<group>"; };
		401109DC28791D9600B3C426 /* IngredientDropDownInputView.swift */ = {isa = PBXFileReference; lastKnownFileType = sourcecode.swift; path = IngredientDropDownInputView.swift; sourceTree = "<group>"; };
		4016CAF327C8F27700A97867 /* ManagementView.swift */ = {isa = PBXFileReference; lastKnownFileType = sourcecode.swift; path = ManagementView.swift; sourceTree = "<group>"; };
		401866E9283CEA0D0046BFBC /* UserRepository.swift */ = {isa = PBXFileReference; lastKnownFileType = sourcecode.swift; path = UserRepository.swift; sourceTree = "<group>"; };
		401866F3283CFDFF0046BFBC /* MenuItemModel.swift */ = {isa = PBXFileReference; fileEncoding = 4; lastKnownFileType = sourcecode.swift; path = MenuItemModel.swift; sourceTree = "<group>"; };
		401866F5283CFE130046BFBC /* MenuViewModel.swift */ = {isa = PBXFileReference; fileEncoding = 4; lastKnownFileType = sourcecode.swift; path = MenuViewModel.swift; sourceTree = "<group>"; };
		401CDE4D28708C7E00DCA698 /* ImplementBillingView.swift */ = {isa = PBXFileReference; lastKnownFileType = sourcecode.swift; path = ImplementBillingView.swift; sourceTree = "<group>"; };
		401CDE512871305E00DCA698 /* ImplementMenuView.swift */ = {isa = PBXFileReference; lastKnownFileType = sourcecode.swift; path = ImplementMenuView.swift; sourceTree = "<group>"; };
		401CDE5528713EE200DCA698 /* IngredientModel.swift */ = {isa = PBXFileReference; lastKnownFileType = sourcecode.swift; path = IngredientModel.swift; sourceTree = "<group>"; };
		401CDE5728714B3400DCA698 /* InventoryViewModel.swift */ = {isa = PBXFileReference; lastKnownFileType = sourcecode.swift; path = InventoryViewModel.swift; sourceTree = "<group>"; };
		401CDE5928714DCD00DCA698 /* ImplementInventoryView.swift */ = {isa = PBXFileReference; lastKnownFileType = sourcecode.swift; path = ImplementInventoryView.swift; sourceTree = "<group>"; };
		401CDE5B2871B82000DCA698 /* TableModel.swift */ = {isa = PBXFileReference; lastKnownFileType = sourcecode.swift; path = TableModel.swift; sourceTree = "<group>"; };
		401CDE5D2871B8FF00DCA698 /* TableViewModel.swift */ = {isa = PBXFileReference; lastKnownFileType = sourcecode.swift; path = TableViewModel.swift; sourceTree = "<group>"; };
		401CDE5F287336DB00DCA698 /* AnalyticsViewModel.swift */ = {isa = PBXFileReference; lastKnownFileType = sourcecode.swift; path = AnalyticsViewModel.swift; sourceTree = "<group>"; };
		402985F627C7ADDA007A70C2 /* AproPOS UI.app */ = {isa = PBXFileReference; explicitFileType = wrapper.application; includeInIndex = 0; path = "AproPOS UI.app"; sourceTree = BUILT_PRODUCTS_DIR; };
		402985F927C7ADDA007A70C2 /* AproPOS_UIApp.swift */ = {isa = PBXFileReference; lastKnownFileType = sourcecode.swift; path = AproPOS_UIApp.swift; sourceTree = "<group>"; };
		402985FD27C7ADDC007A70C2 /* Assets.xcassets */ = {isa = PBXFileReference; lastKnownFileType = folder.assetcatalog; path = Assets.xcassets; sourceTree = "<group>"; };
		4029860027C7ADDC007A70C2 /* Preview Assets.xcassets */ = {isa = PBXFileReference; lastKnownFileType = folder.assetcatalog; path = "Preview Assets.xcassets"; sourceTree = "<group>"; };
		4029860927C7AEDC007A70C2 /* OrderViewOld.swift */ = {isa = PBXFileReference; lastKnownFileType = sourcecode.swift; path = OrderViewOld.swift; sourceTree = "<group>"; };
		4029860B27C7AEF7007A70C2 /* MainView.swift */ = {isa = PBXFileReference; lastKnownFileType = sourcecode.swift; path = MainView.swift; sourceTree = "<group>"; };
		4029860D27C7AF1A007A70C2 /* MenuViewOld.swift */ = {isa = PBXFileReference; lastKnownFileType = sourcecode.swift; path = MenuViewOld.swift; sourceTree = "<group>"; };
		4029860F27C7AF26007A70C2 /* BillingView.swift */ = {isa = PBXFileReference; lastKnownFileType = sourcecode.swift; path = BillingView.swift; sourceTree = "<group>"; };
		4029861127C7AF41007A70C2 /* ReservationView.swift */ = {isa = PBXFileReference; lastKnownFileType = sourcecode.swift; path = ReservationView.swift; sourceTree = "<group>"; };
		4029861727C7AF8F007A70C2 /* AnalyticsView.swift */ = {isa = PBXFileReference; lastKnownFileType = sourcecode.swift; path = AnalyticsView.swift; sourceTree = "<group>"; };
		4029861927C7AF9D007A70C2 /* InventoryViewOld.swift */ = {isa = PBXFileReference; lastKnownFileType = sourcecode.swift; path = InventoryViewOld.swift; sourceTree = "<group>"; };
		4038921D27E0923500B9FDFB /* StaffViewOld.swift */ = {isa = PBXFileReference; lastKnownFileType = sourcecode.swift; path = StaffViewOld.swift; sourceTree = "<group>"; };
		403BE4E028745264005A1C54 /* TableRepository.swift */ = {isa = PBXFileReference; lastKnownFileType = sourcecode.swift; path = TableRepository.swift; sourceTree = "<group>"; };
		403BE4E2287452E4005A1C54 /* InventoryRepository.swift */ = {isa = PBXFileReference; lastKnownFileType = sourcecode.swift; path = InventoryRepository.swift; sourceTree = "<group>"; };
		403BE4E428745313005A1C54 /* MenuRepository.swift */ = {isa = PBXFileReference; lastKnownFileType = sourcecode.swift; path = MenuRepository.swift; sourceTree = "<group>"; };
		403BE4E62874534C005A1C54 /* OrderRepository.swift */ = {isa = PBXFileReference; lastKnownFileType = sourcecode.swift; path = OrderRepository.swift; sourceTree = "<group>"; };
		403BE4E82874547F005A1C54 /* BillingRepository.swift */ = {isa = PBXFileReference; lastKnownFileType = sourcecode.swift; path = BillingRepository.swift; sourceTree = "<group>"; };
		403BE4EA28745E29005A1C54 /* StaffViewModel.swift */ = {isa = PBXFileReference; lastKnownFileType = sourcecode.swift; path = StaffViewModel.swift; sourceTree = "<group>"; };
		403BE4EC28748AA4005A1C54 /* ImplementStaffView.swift */ = {isa = PBXFileReference; lastKnownFileType = sourcecode.swift; path = ImplementStaffView.swift; sourceTree = "<group>"; };
		403BE4EF287549C9005A1C54 /* IndividualTableView.swift */ = {isa = PBXFileReference; lastKnownFileType = sourcecode.swift; path = IndividualTableView.swift; sourceTree = "<group>"; };
		403BE4F1287567B4005A1C54 /* TableView.swift */ = {isa = PBXFileReference; lastKnownFileType = sourcecode.swift; path = TableView.swift; sourceTree = "<group>"; };
		403BE4F32875A3B1005A1C54 /* DropDownInputView.swift */ = {isa = PBXFileReference; lastKnownFileType = sourcecode.swift; path = DropDownInputView.swift; sourceTree = "<group>"; };
		404B3051287E75FE00BEDD55 /* MenuDropDownInputView.swift */ = {isa = PBXFileReference; lastKnownFileType = sourcecode.swift; path = MenuDropDownInputView.swift; sourceTree = "<group>"; };
		4065B3FC27C8A54B00B1D55A /* LaunchScreen.storyboard */ = {isa = PBXFileReference; lastKnownFileType = file.storyboard; path = LaunchScreen.storyboard; sourceTree = "<group>"; };
		406BFEBD2836F7E700FEA7B9 /* ForgotPasswordView.swift */ = {isa = PBXFileReference; lastKnownFileType = sourcecode.swift; path = ForgotPasswordView.swift; sourceTree = "<group>"; };
		407BCC38282D0D2900F8D93E /* ImplementOrderView.swift */ = {isa = PBXFileReference; lastKnownFileType = sourcecode.swift; path = ImplementOrderView.swift; sourceTree = "<group>"; };
		407BCC3B282D0F9700F8D93E /* OrderModel.swift */ = {isa = PBXFileReference; lastKnownFileType = sourcecode.swift; path = OrderModel.swift; sourceTree = "<group>"; };
		407C0F4228389B4D00052389 /* OrderViewModel.swift */ = {isa = PBXFileReference; lastKnownFileType = sourcecode.swift; path = OrderViewModel.swift; sourceTree = "<group>"; };
		407C0F442838AFF100052389 /* UserModel.swift */ = {isa = PBXFileReference; lastKnownFileType = sourcecode.swift; path = UserModel.swift; sourceTree = "<group>"; };
		408ACF1A287DB2A200C35A67 /* NewOrderView.swift */ = {isa = PBXFileReference; lastKnownFileType = sourcecode.swift; path = NewOrderView.swift; sourceTree = "<group>"; };
		4091FA2328771DEA00BED215 /* IndividualIngredientView.swift */ = {isa = PBXFileReference; lastKnownFileType = sourcecode.swift; path = IndividualIngredientView.swift; sourceTree = "<group>"; };
		4091FA25287723ED00BED215 /* InventoryView.swift */ = {isa = PBXFileReference; lastKnownFileType = sourcecode.swift; path = InventoryView.swift; sourceTree = "<group>"; };
		409B2076282E6FAD0014CB54 /* AuthViewModel.swift */ = {isa = PBXFileReference; lastKnownFileType = sourcecode.swift; path = AuthViewModel.swift; sourceTree = "<group>"; };
		409B2078282E72950014CB54 /* CreateAccountView.swift */ = {isa = PBXFileReference; lastKnownFileType = sourcecode.swift; path = CreateAccountView.swift; sourceTree = "<group>"; };
		40A99786287C5F3400CDABE6 /* StaffView.swift */ = {isa = PBXFileReference; lastKnownFileType = sourcecode.swift; path = StaffView.swift; sourceTree = "<group>"; };
		40A99788287C619000CDABE6 /* IndividualUserView.swift */ = {isa = PBXFileReference; lastKnownFileType = sourcecode.swift; path = IndividualUserView.swift; sourceTree = "<group>"; };
		40BD731627D6001700CBDA9A /* DIN.ttf */ = {isa = PBXFileReference; lastKnownFileType = file; path = DIN.ttf; sourceTree = "<group>"; };
		40BD731827D6010300CBDA9A /* AproPOS-UI-Info.plist */ = {isa = PBXFileReference; lastKnownFileType = text.plist; path = "AproPOS-UI-Info.plist"; sourceTree = SOURCE_ROOT; };
		40BD731927D6019200CBDA9A /* DIN Bold.ttf */ = {isa = PBXFileReference; lastKnownFileType = file; path = "DIN Bold.ttf"; sourceTree = "<group>"; };
		40BD731B27D606A200CBDA9A /* NewOrderViewOld.swift */ = {isa = PBXFileReference; lastKnownFileType = sourcecode.swift; path = NewOrderViewOld.swift; sourceTree = "<group>"; };
		40C5ED7B287863C000573099 /* IndividualMenuItemView.swift */ = {isa = PBXFileReference; lastKnownFileType = sourcecode.swift; path = IndividualMenuItemView.swift; sourceTree = "<group>"; };
		40C5ED7D2878669300573099 /* MenuView.swift */ = {isa = PBXFileReference; lastKnownFileType = sourcecode.swift; path = MenuView.swift; sourceTree = "<group>"; };
		40C9631C28803458000EAEDF /* OrderView.swift */ = {isa = PBXFileReference; lastKnownFileType = sourcecode.swift; path = OrderView.swift; sourceTree = "<group>"; };
		40C9631E288036CF000EAEDF /* IndividualOrderView.swift */ = {isa = PBXFileReference; lastKnownFileType = sourcecode.swift; path = IndividualOrderView.swift; sourceTree = "<group>"; };
		40D33A42282BD12100D34B95 /* GoogleService-Info.plist */ = {isa = PBXFileReference; fileEncoding = 4; lastKnownFileType = text.plist.xml; path = "GoogleService-Info.plist"; sourceTree = "<group>"; };
		40DD9E6627D8CF2000610DB2 /* BillingView2.swift */ = {isa = PBXFileReference; lastKnownFileType = sourcecode.swift; path = BillingView2.swift; sourceTree = "<group>"; };
		40E7A08B2863D11100871A48 /* BillingViewModel.swift */ = {isa = PBXFileReference; lastKnownFileType = sourcecode.swift; path = BillingViewModel.swift; sourceTree = "<group>"; };
		40FBCE3E27DFF35B006D4AA1 /* LoginView.swift */ = {isa = PBXFileReference; lastKnownFileType = sourcecode.swift; path = LoginView.swift; sourceTree = "<group>"; };
		51CF6483D3148CF20729988F /* Pods_AproPOS_UI.framework */ = {isa = PBXFileReference; explicitFileType = wrapper.framework; includeInIndex = 0; path = Pods_AproPOS_UI.framework; sourceTree = BUILT_PRODUCTS_DIR; };
		5E323E5C286291E200C48313 /* BillingModel.swift */ = {isa = PBXFileReference; fileEncoding = 4; lastKnownFileType = sourcecode.swift; path = BillingModel.swift; sourceTree = "<group>"; };
		5E32B4AC2873BEB700D60B4B /* ImplementTableView.swift */ = {isa = PBXFileReference; lastKnownFileType = sourcecode.swift; path = ImplementTableView.swift; sourceTree = "<group>"; };
		E4C6F744FAD4140DDB3B83C1 /* Pods-AproPOS UI.release.xcconfig */ = {isa = PBXFileReference; includeInIndex = 1; lastKnownFileType = text.xcconfig; name = "Pods-AproPOS UI.release.xcconfig"; path = "Target Support Files/Pods-AproPOS UI/Pods-AproPOS UI.release.xcconfig"; sourceTree = "<group>"; };
/* End PBXFileReference section */

/* Begin PBXFrameworksBuildPhase section */
		402985F327C7ADDA007A70C2 /* Frameworks */ = {
			isa = PBXFrameworksBuildPhase;
			buildActionMask = 2147483647;
			files = (
				BB5099C538EBC8A84617709E /* Pods_AproPOS_UI.framework in Frameworks */,
			);
			runOnlyForDeploymentPostprocessing = 0;
		};
/* End PBXFrameworksBuildPhase section */

/* Begin PBXGroup section */
		401866EB283CEA100046BFBC /* Repositories */ = {
			isa = PBXGroup;
			children = (
				401866E9283CEA0D0046BFBC /* UserRepository.swift */,
				403BE4E62874534C005A1C54 /* OrderRepository.swift */,
				403BE4E428745313005A1C54 /* MenuRepository.swift */,
				403BE4E2287452E4005A1C54 /* InventoryRepository.swift */,
				403BE4E82874547F005A1C54 /* BillingRepository.swift */,
				403BE4E028745264005A1C54 /* TableRepository.swift */,
			);
			path = Repositories;
			sourceTree = "<group>";
		};
		401866EC283CF1DD0046BFBC /* Frameworks */ = {
			isa = PBXGroup;
			children = (
				51CF6483D3148CF20729988F /* Pods_AproPOS_UI.framework */,
			);
			name = Frameworks;
			sourceTree = "<group>";
		};
		402985ED27C7ADDA007A70C2 = {
			isa = PBXGroup;
			children = (
				402985F827C7ADDA007A70C2 /* AproPOS UI */,
				402985F727C7ADDA007A70C2 /* Products */,
				401866EC283CF1DD0046BFBC /* Frameworks */,
				B0BD387D8855593A237BD550 /* Pods */,
			);
			sourceTree = "<group>";
		};
		402985F727C7ADDA007A70C2 /* Products */ = {
			isa = PBXGroup;
			children = (
				402985F627C7ADDA007A70C2 /* AproPOS UI.app */,
			);
			name = Products;
			sourceTree = "<group>";
		};
		402985F827C7ADDA007A70C2 /* AproPOS UI */ = {
			isa = PBXGroup;
			children = (
				40BD731827D6010300CBDA9A /* AproPOS-UI-Info.plist */,
				40D33A42282BD12100D34B95 /* GoogleService-Info.plist */,
				402985F927C7ADDA007A70C2 /* AproPOS_UIApp.swift */,
				40D9D47A287EB37D008EF19B /* DevViews */,
				406BFEBC2836F6F100FEA7B9 /* Views */,
				403BE4EE28754931005A1C54 /* ComponentViews */,
				409B207A282F6C730014CB54 /* ViewModels */,
				407BCC3A282D0F8500F8D93E /* Models */,
				401866EB283CEA100046BFBC /* Repositories */,
				40BD731327D5FE3200CBDA9A /* Fonts */,
				4065B3FC27C8A54B00B1D55A /* LaunchScreen.storyboard */,
				402985FD27C7ADDC007A70C2 /* Assets.xcassets */,
				402985FF27C7ADDC007A70C2 /* Preview Content */,
			);
			path = "AproPOS UI";
			sourceTree = "<group>";
		};
		402985FF27C7ADDC007A70C2 /* Preview Content */ = {
			isa = PBXGroup;
			children = (
				4029860027C7ADDC007A70C2 /* Preview Assets.xcassets */,
			);
			path = "Preview Content";
			sourceTree = "<group>";
		};
		403BE4EE28754931005A1C54 /* ComponentViews */ = {
			isa = PBXGroup;
			children = (
				40C9631E288036CF000EAEDF /* IndividualOrderView.swift */,
				40C5ED7B287863C000573099 /* IndividualMenuItemView.swift */,
				4091FA2328771DEA00BED215 /* IndividualIngredientView.swift */,
				403BE4EF287549C9005A1C54 /* IndividualTableView.swift */,
				40A99788287C619000CDABE6 /* IndividualUserView.swift */,
				404B3051287E75FE00BEDD55 /* MenuDropDownInputView.swift */,
				401109DC28791D9600B3C426 /* IngredientDropDownInputView.swift */,
				403BE4F32875A3B1005A1C54 /* DropDownInputView.swift */,
				401109DA28790FFF00B3C426 /* ImagePickerView.swift */,
			);
			path = ComponentViews;
			sourceTree = "<group>";
		};
		406BFEBC2836F6F100FEA7B9 /* Views */ = {
			isa = PBXGroup;
			children = (
				40FBCE3E27DFF35B006D4AA1 /* LoginView.swift */,
				409B2078282E72950014CB54 /* CreateAccountView.swift */,
				406BFEBD2836F7E700FEA7B9 /* ForgotPasswordView.swift */,
				4029860B27C7AEF7007A70C2 /* MainView.swift */,
				40C9631C28803458000EAEDF /* OrderView.swift */,
				408ACF1A287DB2A200C35A67 /* NewOrderView.swift */,
				4029860F27C7AF26007A70C2 /* BillingView.swift */,
				40DD9E6627D8CF2000610DB2 /* BillingView2.swift */,
				401CDE4D28708C7E00DCA698 /* ImplementBillingView.swift */,
				403BE4F1287567B4005A1C54 /* TableView.swift */,
				4016CAF327C8F27700A97867 /* ManagementView.swift */,
				40C5ED7D2878669300573099 /* MenuView.swift */,
				4091FA25287723ED00BED215 /* InventoryView.swift */,
				40A99786287C5F3400CDABE6 /* StaffView.swift */,
				4029861727C7AF8F007A70C2 /* AnalyticsView.swift */,
			);
			path = Views;
			sourceTree = "<group>";
		};
		407BCC3A282D0F8500F8D93E /* Models */ = {
			isa = PBXGroup;
			children = (
				407C0F442838AFF100052389 /* UserModel.swift */,
				407BCC3B282D0F9700F8D93E /* OrderModel.swift */,
				401866F3283CFDFF0046BFBC /* MenuItemModel.swift */,
				401CDE5528713EE200DCA698 /* IngredientModel.swift */,
				5E323E5C286291E200C48313 /* BillingModel.swift */,
				401CDE5B2871B82000DCA698 /* TableModel.swift */,
			);
			path = Models;
			sourceTree = "<group>";
		};
		409B207A282F6C730014CB54 /* ViewModels */ = {
			isa = PBXGroup;
			children = (
				409B2076282E6FAD0014CB54 /* AuthViewModel.swift */,
				407C0F4228389B4D00052389 /* OrderViewModel.swift */,
				401866F5283CFE130046BFBC /* MenuViewModel.swift */,
				401CDE5728714B3400DCA698 /* InventoryViewModel.swift */,
				40E7A08B2863D11100871A48 /* BillingViewModel.swift */,
				401CDE5D2871B8FF00DCA698 /* TableViewModel.swift */,
				403BE4EA28745E29005A1C54 /* StaffViewModel.swift */,
				401CDE5F287336DB00DCA698 /* AnalyticsViewModel.swift */,
			);
			path = ViewModels;
			sourceTree = "<group>";
		};
		40BD731327D5FE3200CBDA9A /* Fonts */ = {
			isa = PBXGroup;
			children = (
				40BD731627D6001700CBDA9A /* DIN.ttf */,
				40BD731927D6019200CBDA9A /* DIN Bold.ttf */,
			);
			path = Fonts;
			sourceTree = "<group>";
		};
		40D9D47A287EB37D008EF19B /* DevViews */ = {
			isa = PBXGroup;
			children = (
				4029860927C7AEDC007A70C2 /* OrderViewOld.swift */,
				40BD731B27D606A200CBDA9A /* NewOrderViewOld.swift */,
				407BCC38282D0D2900F8D93E /* ImplementOrderView.swift */,
				4029861127C7AF41007A70C2 /* ReservationView.swift */,
				5E32B4AC2873BEB700D60B4B /* ImplementTableView.swift */,
				4029860D27C7AF1A007A70C2 /* MenuViewOld.swift */,
				401CDE512871305E00DCA698 /* ImplementMenuView.swift */,
				4029861927C7AF9D007A70C2 /* InventoryViewOld.swift */,
				401CDE5928714DCD00DCA698 /* ImplementInventoryView.swift */,
				4038921D27E0923500B9FDFB /* StaffViewOld.swift */,
				403BE4EC28748AA4005A1C54 /* ImplementStaffView.swift */,
			);
			path = DevViews;
			sourceTree = "<group>";
		};
		B0BD387D8855593A237BD550 /* Pods */ = {
			isa = PBXGroup;
			children = (
				0F612E47BE5F733E9FDE30AD /* Pods-AproPOS UI.debug.xcconfig */,
				E4C6F744FAD4140DDB3B83C1 /* Pods-AproPOS UI.release.xcconfig */,
			);
			path = Pods;
			sourceTree = "<group>";
		};
/* End PBXGroup section */

/* Begin PBXNativeTarget section */
		402985F527C7ADDA007A70C2 /* AproPOS UI */ = {
			isa = PBXNativeTarget;
			buildConfigurationList = 4029860427C7ADDC007A70C2 /* Build configuration list for PBXNativeTarget "AproPOS UI" */;
			buildPhases = (
				4C00FBD18D7FD34BB3BD3711 /* [CP] Check Pods Manifest.lock */,
				402985F227C7ADDA007A70C2 /* Sources */,
				402985F327C7ADDA007A70C2 /* Frameworks */,
				402985F427C7ADDA007A70C2 /* Resources */,
				72F3605DEB7D862FD51652A9 /* [CP] Embed Pods Frameworks */,
			);
			buildRules = (
			);
			dependencies = (
			);
			name = "AproPOS UI";
			packageProductDependencies = (
			);
			productName = "AproPOS UI";
			productReference = 402985F627C7ADDA007A70C2 /* AproPOS UI.app */;
			productType = "com.apple.product-type.application";
		};
/* End PBXNativeTarget section */

/* Begin PBXProject section */
		402985EE27C7ADDA007A70C2 /* Project object */ = {
			isa = PBXProject;
			attributes = {
				BuildIndependentTargetsInParallel = 1;
				LastSwiftUpdateCheck = 1300;
				LastUpgradeCheck = 1300;
				TargetAttributes = {
					402985F527C7ADDA007A70C2 = {
						CreatedOnToolsVersion = 13.0;
					};
				};
			};
			buildConfigurationList = 402985F127C7ADDA007A70C2 /* Build configuration list for PBXProject "AproPOS UI" */;
			compatibilityVersion = "Xcode 13.0";
			developmentRegion = en;
			hasScannedForEncodings = 0;
			knownRegions = (
				en,
				Base,
			);
			mainGroup = 402985ED27C7ADDA007A70C2;
			packageReferences = (
			);
			productRefGroup = 402985F727C7ADDA007A70C2 /* Products */;
			projectDirPath = "";
			projectRoot = "";
			targets = (
				402985F527C7ADDA007A70C2 /* AproPOS UI */,
			);
		};
/* End PBXProject section */

/* Begin PBXResourcesBuildPhase section */
		402985F427C7ADDA007A70C2 /* Resources */ = {
			isa = PBXResourcesBuildPhase;
			buildActionMask = 2147483647;
			files = (
				40BD731A27D6019200CBDA9A /* DIN Bold.ttf in Resources */,
				4065B3FD27C8A54B00B1D55A /* LaunchScreen.storyboard in Resources */,
				4029860127C7ADDC007A70C2 /* Preview Assets.xcassets in Resources */,
				40BD731727D6001700CBDA9A /* DIN.ttf in Resources */,
				402985FE27C7ADDC007A70C2 /* Assets.xcassets in Resources */,
				40D33A43282BD12100D34B95 /* GoogleService-Info.plist in Resources */,
			);
			runOnlyForDeploymentPostprocessing = 0;
		};
/* End PBXResourcesBuildPhase section */

/* Begin PBXShellScriptBuildPhase section */
		4C00FBD18D7FD34BB3BD3711 /* [CP] Check Pods Manifest.lock */ = {
			isa = PBXShellScriptBuildPhase;
			buildActionMask = 2147483647;
			files = (
			);
			inputFileListPaths = (
			);
			inputPaths = (
				"${PODS_PODFILE_DIR_PATH}/Podfile.lock",
				"${PODS_ROOT}/Manifest.lock",
			);
			name = "[CP] Check Pods Manifest.lock";
			outputFileListPaths = (
			);
			outputPaths = (
				"$(DERIVED_FILE_DIR)/Pods-AproPOS UI-checkManifestLockResult.txt",
			);
			runOnlyForDeploymentPostprocessing = 0;
			shellPath = /bin/sh;
			shellScript = "diff \"${PODS_PODFILE_DIR_PATH}/Podfile.lock\" \"${PODS_ROOT}/Manifest.lock\" > /dev/null\nif [ $? != 0 ] ; then\n    # print error to STDERR\n    echo \"error: The sandbox is not in sync with the Podfile.lock. Run 'pod install' or update your CocoaPods installation.\" >&2\n    exit 1\nfi\n# This output is used by Xcode 'outputs' to avoid re-running this script phase.\necho \"SUCCESS\" > \"${SCRIPT_OUTPUT_FILE_0}\"\n";
			showEnvVarsInLog = 0;
		};
		72F3605DEB7D862FD51652A9 /* [CP] Embed Pods Frameworks */ = {
			isa = PBXShellScriptBuildPhase;
			buildActionMask = 2147483647;
			files = (
			);
			inputFileListPaths = (
				"${PODS_ROOT}/Target Support Files/Pods-AproPOS UI/Pods-AproPOS UI-frameworks-${CONFIGURATION}-input-files.xcfilelist",
			);
			name = "[CP] Embed Pods Frameworks";
			outputFileListPaths = (
				"${PODS_ROOT}/Target Support Files/Pods-AproPOS UI/Pods-AproPOS UI-frameworks-${CONFIGURATION}-output-files.xcfilelist",
			);
			runOnlyForDeploymentPostprocessing = 0;
			shellPath = /bin/sh;
			shellScript = "\"${PODS_ROOT}/Target Support Files/Pods-AproPOS UI/Pods-AproPOS UI-frameworks.sh\"\n";
			showEnvVarsInLog = 0;
		};
/* End PBXShellScriptBuildPhase section */

/* Begin PBXSourcesBuildPhase section */
		402985F227C7ADDA007A70C2 /* Sources */ = {
			isa = PBXSourcesBuildPhase;
			buildActionMask = 2147483647;
			files = (
				4029860E27C7AF1A007A70C2 /* MenuViewOld.swift in Sources */,
				40E7A08C2863D11100871A48 /* BillingViewModel.swift in Sources */,
				403BE4F0287549C9005A1C54 /* IndividualTableView.swift in Sources */,
				407BCC39282D0D2900F8D93E /* ImplementOrderView.swift in Sources */,
				401CDE5E2871B8FF00DCA698 /* TableViewModel.swift in Sources */,
				40A99789287C619000CDABE6 /* IndividualUserView.swift in Sources */,
				408ACF1B287DB2A200C35A67 /* NewOrderView.swift in Sources */,
				403BE4E128745264005A1C54 /* TableRepository.swift in Sources */,
				4029861A27C7AF9D007A70C2 /* InventoryViewOld.swift in Sources */,
				40FBCE3F27DFF35B006D4AA1 /* LoginView.swift in Sources */,
				403BE4EB28745E29005A1C54 /* StaffViewModel.swift in Sources */,
				40A99787287C5F3400CDABE6 /* StaffView.swift in Sources */,
				409B2077282E6FAD0014CB54 /* AuthViewModel.swift in Sources */,
				401CDE5628713EE200DCA698 /* IngredientModel.swift in Sources */,
				4029861227C7AF41007A70C2 /* ReservationView.swift in Sources */,
				4029861827C7AF8F007A70C2 /* AnalyticsView.swift in Sources */,
				401109DD28791D9600B3C426 /* IngredientDropDownInputView.swift in Sources */,
				4029860C27C7AEF7007A70C2 /* MainView.swift in Sources */,
				5E32B4AD2873BEB700D60B4B /* ImplementTableView.swift in Sources */,
				40C9631D28803458000EAEDF /* OrderView.swift in Sources */,
				40C9631F288036CF000EAEDF /* IndividualOrderView.swift in Sources */,
				407BCC3C282D0F9700F8D93E /* OrderModel.swift in Sources */,
				407C0F4328389B4D00052389 /* OrderViewModel.swift in Sources */,
				4029860A27C7AEDC007A70C2 /* OrderViewOld.swift in Sources */,
				401866F6283CFE130046BFBC /* MenuViewModel.swift in Sources */,
				401CDE4E28708C7E00DCA698 /* ImplementBillingView.swift in Sources */,
				403BE4E3287452E4005A1C54 /* InventoryRepository.swift in Sources */,
				404B3052287E75FE00BEDD55 /* MenuDropDownInputView.swift in Sources */,
				4029861027C7AF26007A70C2 /* BillingView.swift in Sources */,
				40DD9E6727D8CF2000610DB2 /* BillingView2.swift in Sources */,
				4091FA2428771DEB00BED215 /* IndividualIngredientView.swift in Sources */,
				40BD731C27D606A200CBDA9A /* NewOrderViewOld.swift in Sources */,
				401109DB28790FFF00B3C426 /* ImagePickerView.swift in Sources */,
				40C5ED7E2878669300573099 /* MenuView.swift in Sources */,
				401866EA283CEA0D0046BFBC /* UserRepository.swift in Sources */,
				401866F4283CFDFF0046BFBC /* MenuItemModel.swift in Sources */,
				409B2079282E72950014CB54 /* CreateAccountView.swift in Sources */,
				4038921E27E0923500B9FDFB /* StaffViewOld.swift in Sources */,
				403BE4ED28748AA4005A1C54 /* ImplementStaffView.swift in Sources */,
				403BE4E72874534C005A1C54 /* OrderRepository.swift in Sources */,
				401CDE60287336DC00DCA698 /* AnalyticsViewModel.swift in Sources */,
				403BE4E92874547F005A1C54 /* BillingRepository.swift in Sources */,
				403BE4F2287567B4005A1C54 /* TableView.swift in Sources */,
				403BE4E528745313005A1C54 /* MenuRepository.swift in Sources */,
				403BE4F42875A3B1005A1C54 /* DropDownInputView.swift in Sources */,
				40C5ED7C287863C000573099 /* IndividualMenuItemView.swift in Sources */,
				402985FA27C7ADDA007A70C2 /* AproPOS_UIApp.swift in Sources */,
				401CDE5A28714DCD00DCA698 /* ImplementInventoryView.swift in Sources */,
				406BFEBE2836F7E700FEA7B9 /* ForgotPasswordView.swift in Sources */,
				401CDE5828714B3400DCA698 /* InventoryViewModel.swift in Sources */,
				407C0F452838AFF100052389 /* UserModel.swift in Sources */,
				4091FA26287723ED00BED215 /* InventoryView.swift in Sources */,
				4016CAF427C8F27700A97867 /* ManagementView.swift in Sources */,
				401CDE522871305E00DCA698 /* ImplementMenuView.swift in Sources */,
				401CDE5C2871B82000DCA698 /* TableModel.swift in Sources */,
				5E323E5D286291E200C48313 /* BillingModel.swift in Sources */,
			);
			runOnlyForDeploymentPostprocessing = 0;
		};
/* End PBXSourcesBuildPhase section */

/* Begin XCBuildConfiguration section */
		4029860227C7ADDC007A70C2 /* Debug */ = {
			isa = XCBuildConfiguration;
			buildSettings = {
				ALWAYS_SEARCH_USER_PATHS = NO;
				CLANG_ANALYZER_NONNULL = YES;
				CLANG_ANALYZER_NUMBER_OBJECT_CONVERSION = YES_AGGRESSIVE;
				CLANG_CXX_LANGUAGE_STANDARD = "gnu++17";
				CLANG_CXX_LIBRARY = "libc++";
				CLANG_ENABLE_MODULES = YES;
				CLANG_ENABLE_OBJC_ARC = YES;
				CLANG_ENABLE_OBJC_WEAK = YES;
				CLANG_WARN_BLOCK_CAPTURE_AUTORELEASING = YES;
				CLANG_WARN_BOOL_CONVERSION = YES;
				CLANG_WARN_COMMA = YES;
				CLANG_WARN_CONSTANT_CONVERSION = YES;
				CLANG_WARN_DEPRECATED_OBJC_IMPLEMENTATIONS = YES;
				CLANG_WARN_DIRECT_OBJC_ISA_USAGE = YES_ERROR;
				CLANG_WARN_DOCUMENTATION_COMMENTS = YES;
				CLANG_WARN_EMPTY_BODY = YES;
				CLANG_WARN_ENUM_CONVERSION = YES;
				CLANG_WARN_INFINITE_RECURSION = YES;
				CLANG_WARN_INT_CONVERSION = YES;
				CLANG_WARN_NON_LITERAL_NULL_CONVERSION = YES;
				CLANG_WARN_OBJC_IMPLICIT_RETAIN_SELF = YES;
				CLANG_WARN_OBJC_LITERAL_CONVERSION = YES;
				CLANG_WARN_OBJC_ROOT_CLASS = YES_ERROR;
				CLANG_WARN_QUOTED_INCLUDE_IN_FRAMEWORK_HEADER = YES;
				CLANG_WARN_RANGE_LOOP_ANALYSIS = YES;
				CLANG_WARN_STRICT_PROTOTYPES = YES;
				CLANG_WARN_SUSPICIOUS_MOVE = YES;
				CLANG_WARN_UNGUARDED_AVAILABILITY = YES_AGGRESSIVE;
				CLANG_WARN_UNREACHABLE_CODE = YES;
				CLANG_WARN__DUPLICATE_METHOD_MATCH = YES;
				COPY_PHASE_STRIP = NO;
				DEBUG_INFORMATION_FORMAT = dwarf;
				ENABLE_STRICT_OBJC_MSGSEND = YES;
				ENABLE_TESTABILITY = YES;
				GCC_C_LANGUAGE_STANDARD = gnu11;
				GCC_DYNAMIC_NO_PIC = NO;
				GCC_NO_COMMON_BLOCKS = YES;
				GCC_OPTIMIZATION_LEVEL = 0;
				GCC_PREPROCESSOR_DEFINITIONS = (
					"DEBUG=1",
					"$(inherited)",
				);
				GCC_WARN_64_TO_32_BIT_CONVERSION = YES;
				GCC_WARN_ABOUT_RETURN_TYPE = YES_ERROR;
				GCC_WARN_UNDECLARED_SELECTOR = YES;
				GCC_WARN_UNINITIALIZED_AUTOS = YES_AGGRESSIVE;
				GCC_WARN_UNUSED_FUNCTION = YES;
				GCC_WARN_UNUSED_VARIABLE = YES;
				IPHONEOS_DEPLOYMENT_TARGET = 15.0;
				MTL_ENABLE_DEBUG_INFO = INCLUDE_SOURCE;
				MTL_FAST_MATH = YES;
				ONLY_ACTIVE_ARCH = YES;
				SDKROOT = iphoneos;
				SWIFT_ACTIVE_COMPILATION_CONDITIONS = DEBUG;
				SWIFT_OPTIMIZATION_LEVEL = "-Onone";
			};
			name = Debug;
		};
		4029860327C7ADDC007A70C2 /* Release */ = {
			isa = XCBuildConfiguration;
			buildSettings = {
				ALWAYS_SEARCH_USER_PATHS = NO;
				CLANG_ANALYZER_NONNULL = YES;
				CLANG_ANALYZER_NUMBER_OBJECT_CONVERSION = YES_AGGRESSIVE;
				CLANG_CXX_LANGUAGE_STANDARD = "gnu++17";
				CLANG_CXX_LIBRARY = "libc++";
				CLANG_ENABLE_MODULES = YES;
				CLANG_ENABLE_OBJC_ARC = YES;
				CLANG_ENABLE_OBJC_WEAK = YES;
				CLANG_WARN_BLOCK_CAPTURE_AUTORELEASING = YES;
				CLANG_WARN_BOOL_CONVERSION = YES;
				CLANG_WARN_COMMA = YES;
				CLANG_WARN_CONSTANT_CONVERSION = YES;
				CLANG_WARN_DEPRECATED_OBJC_IMPLEMENTATIONS = YES;
				CLANG_WARN_DIRECT_OBJC_ISA_USAGE = YES_ERROR;
				CLANG_WARN_DOCUMENTATION_COMMENTS = YES;
				CLANG_WARN_EMPTY_BODY = YES;
				CLANG_WARN_ENUM_CONVERSION = YES;
				CLANG_WARN_INFINITE_RECURSION = YES;
				CLANG_WARN_INT_CONVERSION = YES;
				CLANG_WARN_NON_LITERAL_NULL_CONVERSION = YES;
				CLANG_WARN_OBJC_IMPLICIT_RETAIN_SELF = YES;
				CLANG_WARN_OBJC_LITERAL_CONVERSION = YES;
				CLANG_WARN_OBJC_ROOT_CLASS = YES_ERROR;
				CLANG_WARN_QUOTED_INCLUDE_IN_FRAMEWORK_HEADER = YES;
				CLANG_WARN_RANGE_LOOP_ANALYSIS = YES;
				CLANG_WARN_STRICT_PROTOTYPES = YES;
				CLANG_WARN_SUSPICIOUS_MOVE = YES;
				CLANG_WARN_UNGUARDED_AVAILABILITY = YES_AGGRESSIVE;
				CLANG_WARN_UNREACHABLE_CODE = YES;
				CLANG_WARN__DUPLICATE_METHOD_MATCH = YES;
				COPY_PHASE_STRIP = NO;
				DEBUG_INFORMATION_FORMAT = "dwarf-with-dsym";
				ENABLE_NS_ASSERTIONS = NO;
				ENABLE_STRICT_OBJC_MSGSEND = YES;
				GCC_C_LANGUAGE_STANDARD = gnu11;
				GCC_NO_COMMON_BLOCKS = YES;
				GCC_WARN_64_TO_32_BIT_CONVERSION = YES;
				GCC_WARN_ABOUT_RETURN_TYPE = YES_ERROR;
				GCC_WARN_UNDECLARED_SELECTOR = YES;
				GCC_WARN_UNINITIALIZED_AUTOS = YES_AGGRESSIVE;
				GCC_WARN_UNUSED_FUNCTION = YES;
				GCC_WARN_UNUSED_VARIABLE = YES;
				IPHONEOS_DEPLOYMENT_TARGET = 15.0;
				MTL_ENABLE_DEBUG_INFO = NO;
				MTL_FAST_MATH = YES;
				SDKROOT = iphoneos;
				SWIFT_COMPILATION_MODE = wholemodule;
				SWIFT_OPTIMIZATION_LEVEL = "-O";
				VALIDATE_PRODUCT = YES;
			};
			name = Release;
		};
		4029860527C7ADDC007A70C2 /* Debug */ = {
			isa = XCBuildConfiguration;
			baseConfigurationReference = 0F612E47BE5F733E9FDE30AD /* Pods-AproPOS UI.debug.xcconfig */;
			buildSettings = {
				ASSETCATALOG_COMPILER_APPICON_NAME = AppIcon;
				ASSETCATALOG_COMPILER_GLOBAL_ACCENT_COLOR_NAME = AccentColor;
				CODE_SIGN_STYLE = Automatic;
				CURRENT_PROJECT_VERSION = 1;
				DEVELOPMENT_ASSET_PATHS = "\"AproPOS UI/Preview Content\"";
				DEVELOPMENT_TEAM = LV5LL3GM2B;
				ENABLE_PREVIEWS = YES;
				GENERATE_INFOPLIST_FILE = YES;
				INFOPLIST_FILE = "AproPOS-UI-Info.plist";
				INFOPLIST_KEY_UIApplicationSceneManifest_Generation = YES;
				INFOPLIST_KEY_UIApplicationSupportsIndirectInputEvents = YES;
				INFOPLIST_KEY_UISupportedInterfaceOrientations_iPad = "UIInterfaceOrientationPortrait UIInterfaceOrientationPortraitUpsideDown UIInterfaceOrientationLandscapeLeft UIInterfaceOrientationLandscapeRight";
				INFOPLIST_KEY_UISupportedInterfaceOrientations_iPhone = "UIInterfaceOrientationPortrait UIInterfaceOrientationLandscapeLeft UIInterfaceOrientationLandscapeRight";
				IPHONEOS_DEPLOYMENT_TARGET = 15.0;
				LD_RUNPATH_SEARCH_PATHS = (
					"$(inherited)",
					"@executable_path/Frameworks",
				);
				MARKETING_VERSION = 1.0;
				PRODUCT_BUNDLE_IDENTIFIER = "com.chrisyoo.AproPOS-UI";
				PRODUCT_NAME = "$(TARGET_NAME)";
				SWIFT_EMIT_LOC_STRINGS = YES;
				SWIFT_VERSION = 5.0;
				TARGETED_DEVICE_FAMILY = "1,2";
			};
			name = Debug;
		};
		4029860627C7ADDC007A70C2 /* Release */ = {
			isa = XCBuildConfiguration;
			baseConfigurationReference = E4C6F744FAD4140DDB3B83C1 /* Pods-AproPOS UI.release.xcconfig */;
			buildSettings = {
				ASSETCATALOG_COMPILER_APPICON_NAME = AppIcon;
				ASSETCATALOG_COMPILER_GLOBAL_ACCENT_COLOR_NAME = AccentColor;
				CODE_SIGN_STYLE = Automatic;
				CURRENT_PROJECT_VERSION = 1;
				DEVELOPMENT_ASSET_PATHS = "\"AproPOS UI/Preview Content\"";
				DEVELOPMENT_TEAM = LV5LL3GM2B;
				ENABLE_PREVIEWS = YES;
				GENERATE_INFOPLIST_FILE = YES;
				INFOPLIST_FILE = "AproPOS-UI-Info.plist";
				INFOPLIST_KEY_UIApplicationSceneManifest_Generation = YES;
				INFOPLIST_KEY_UIApplicationSupportsIndirectInputEvents = YES;
				INFOPLIST_KEY_UISupportedInterfaceOrientations_iPad = "UIInterfaceOrientationPortrait UIInterfaceOrientationPortraitUpsideDown UIInterfaceOrientationLandscapeLeft UIInterfaceOrientationLandscapeRight";
				INFOPLIST_KEY_UISupportedInterfaceOrientations_iPhone = "UIInterfaceOrientationPortrait UIInterfaceOrientationLandscapeLeft UIInterfaceOrientationLandscapeRight";
				IPHONEOS_DEPLOYMENT_TARGET = 15.0;
				LD_RUNPATH_SEARCH_PATHS = (
					"$(inherited)",
					"@executable_path/Frameworks",
				);
				MARKETING_VERSION = 1.0;
				PRODUCT_BUNDLE_IDENTIFIER = "com.chrisyoo.AproPOS-UI";
				PRODUCT_NAME = "$(TARGET_NAME)";
				SWIFT_EMIT_LOC_STRINGS = YES;
				SWIFT_VERSION = 5.0;
				TARGETED_DEVICE_FAMILY = "1,2";
			};
			name = Release;
		};
/* End XCBuildConfiguration section */

/* Begin XCConfigurationList section */
		402985F127C7ADDA007A70C2 /* Build configuration list for PBXProject "AproPOS UI" */ = {
			isa = XCConfigurationList;
			buildConfigurations = (
				4029860227C7ADDC007A70C2 /* Debug */,
				4029860327C7ADDC007A70C2 /* Release */,
			);
			defaultConfigurationIsVisible = 0;
			defaultConfigurationName = Release;
		};
		4029860427C7ADDC007A70C2 /* Build configuration list for PBXNativeTarget "AproPOS UI" */ = {
			isa = XCConfigurationList;
			buildConfigurations = (
				4029860527C7ADDC007A70C2 /* Debug */,
				4029860627C7ADDC007A70C2 /* Release */,
			);
			defaultConfigurationIsVisible = 0;
			defaultConfigurationName = Release;
		};
/* End XCConfigurationList section */
	};
	rootObject = 402985EE27C7ADDA007A70C2 /* Project object */;
}
